
Microsoft Visual Studio Solution File, Format Version 12.00
# Visual Studio Version 16
VisualStudioVersion = 16.0.31321.278
MinimumVisualStudioVersion = 10.0.40219.1
Project("{FAE04EC0-301F-11D3-BF4B-00C04F79EFBC}") = "Pyaterochka", "Pyaterochka\Pyaterochka.csproj", "{C9BCE265-DA6A-4C9A-9A51-4D222D3684D5}"
EndProject
Global
	GlobalSection(SolutionConfigurationPlatforms) = preSolution
		Debug|Any CPU = Debug|Any CPU
		Release|Any CPU = Release|Any CPU
	EndGlobalSection
	GlobalSection(ProjectConfigurationPlatforms) = postSolution
		{C9BCE265-DA6A-4C9A-9A51-4D222D3684D5}.Debug|Any CPU.ActiveCfg = Debug|Any CPU
		{C9BCE265-DA6A-4C9A-9A51-4D222D3684D5}.Debug|Any CPU.Build.0 = Debug|Any CPU
		{C9BCE265-DA6A-4C9A-9A51-4D222D3684D5}.Release|Any CPU.ActiveCfg = Release|Any CPU
		{C9BCE265-DA6A-4C9A-9A51-4D222D3684D5}.Release|Any CPU.Build.0 = Release|Any CPU
	EndGlobalSection
	GlobalSection(SolutionProperties) = preSolution
		HideSolutionNode = FALSE
	EndGlobalSection
	GlobalSection(ExtensibilityGlobals) = postSolution
		SolutionGuid = {2D54C0CE-CE0F-40DC-BBF3-AE9D90110B6B}
	EndGlobalSection
EndGlobal
